# THIS IS AN AUTOGENERATED FILE. DO NOT EDIT THIS FILE DIRECTLY.
# yarn lockfile v1


ar-drone@^0.3.3:
  version "0.3.3"
  resolved "https://registry.yarnpkg.com/ar-drone/-/ar-drone-0.3.3.tgz#d7b956e23f3f12d94a4e8b7a8f575b25cd69f69b"
  dependencies:
    buffy "0.0.4"
    simple-debug "~1.1.1"

buffy@0.0.4:
  version "0.0.4"
  resolved "https://registry.yarnpkg.com/buffy/-/buffy-0.0.4.tgz#d208104fbd9b47a87cbb01fe3b2ef2df54300df8"

simple-debug@~1.1.1:
  version "1.1.2"
  resolved "https://registry.yarnpkg.com/simple-debug/-/simple-debug-1.1.2.tgz#0934e1db75a3370684f7acb663d155b4d44cc6cb"
